
Microsoft Visual Studio Solution File, Format Version 12.00
# Visual Studio 14
VisualStudioVersion = 14.0.25420.1
MinimumVisualStudioVersion = 10.0.40219.1
Project("{8BC9CEB8-8B4A-11D0-8D11-00A0C91BC942}") = "Engine", "Engine\Engine.vcxproj", "{B017FCE0-4D94-4659-9AFF-4E08004D098A}"
EndProject
Project("{8BC9CEB8-8B4A-11D0-8D11-00A0C91BC942}") = "Game", "Game\Game.vcxproj", "{8EE91A0D-6798-4257-9B14-FE956056752F}"
	ProjectSection(ProjectDependencies) = postProject
		{B017FCE0-4D94-4659-9AFF-4E08004D098A} = {B017FCE0-4D94-4659-9AFF-4E08004D098A}
	EndProjectSection
EndProject
Global
	GlobalSection(SolutionConfigurationPlatforms) = preSolution
		Debug|x64 = Debug|x64
		Debug|x86 = Debug|x86
		Release|x64 = Release|x64
		Release|x86 = Release|x86
	EndGlobalSection
	GlobalSection(ProjectConfigurationPlatforms) = postSolution
		{B017FCE0-4D94-4659-9AFF-4E08004D098A}.Debug|x64.ActiveCfg = Debug|x64
		{B017FCE0-4D94-4659-9AFF-4E08004D098A}.Debug|x64.Build.0 = Debug|x64
		{B017FCE0-4D94-4659-9AFF-4E08004D098A}.Debug|x86.ActiveCfg = Debug|Win32
		{B017FCE0-4D94-4659-9AFF-4E08004D098A}.Debug|x86.Build.0 = Debug|Win32
		{B017FCE0-4D94-4659-9AFF-4E08004D098A}.Release|x64.ActiveCfg = Release|x64
		{B017FCE0-4D94-4659-9AFF-4E08004D098A}.Release|x64.Build.0 = Release|x64
		{B017FCE0-4D94-4659-9AFF-4E08004D098A}.Release|x86.ActiveCfg = Release|Win32
		{B017FCE0-4D94-4659-9AFF-4E08004D098A}.Release|x86.Build.0 = Release|Win32
		{8EE91A0D-6798-4257-9B14-FE956056752F}.Debug|x64.ActiveCfg = Debug|x64
		{8EE91A0D-6798-4257-9B14-FE956056752F}.Debug|x64.Build.0 = Debug|x64
		{8EE91A0D-6798-4257-9B14-FE956056752F}.Debug|x86.ActiveCfg = Debug|Win32
		{8EE91A0D-6798-4257-9B14-FE956056752F}.Debug|x86.Build.0 = Debug|Win32
		{8EE91A0D-6798-4257-9B14-FE956056752F}.Release|x64.ActiveCfg = Release|x64
		{8EE91A0D-6798-4257-9B14-FE956056752F}.Release|x64.Build.0 = Release|x64
		{8EE91A0D-6798-4257-9B14-FE956056752F}.Release|x86.ActiveCfg = Release|Win32
		{8EE91A0D-6798-4257-9B14-FE956056752F}.Release|x86.Build.0 = Release|Win32
	EndGlobalSection
	GlobalSection(SolutionProperties) = preSolution
		HideSolutionNode = FALSE
	EndGlobalSection
EndGlobal
